// !$*UTF8*$!
{
	archiveVersion = 1;
	classes = {
	};
	objectVersion = 50;
	objects = {

/* Begin PBXBuildFile section */
		F245F862272860A600D39944 /* AppDelegate.swift in Sources */ = {isa = PBXBuildFile; fileRef = F245F861272860A600D39944 /* AppDelegate.swift */; };
		F245F864272860A600D39944 /* SceneDelegate.swift in Sources */ = {isa = PBXBuildFile; fileRef = F245F863272860A600D39944 /* SceneDelegate.swift */; };
		F245F866272860A600D39944 /* ViewController.swift in Sources */ = {isa = PBXBuildFile; fileRef = F245F865272860A600D39944 /* ViewController.swift */; };
		F245F869272860A600D39944 /* Main.storyboard in Resources */ = {isa = PBXBuildFile; fileRef = F245F867272860A600D39944 /* Main.storyboard */; };
		F245F86C272860A600D39944 /* FordsSongApp.xcdatamodeld in Sources */ = {isa = PBXBuildFile; fileRef = F245F86A272860A600D39944 /* FordsSongApp.xcdatamodeld */; };
		F245F86E272860A900D39944 /* Assets.xcassets in Resources */ = {isa = PBXBuildFile; fileRef = F245F86D272860A900D39944 /* Assets.xcassets */; };
		F245F871272860AA00D39944 /* LaunchScreen.storyboard in Resources */ = {isa = PBXBuildFile; fileRef = F245F86F272860AA00D39944 /* LaunchScreen.storyboard */; };
/* End PBXBuildFile section */

/* Begin PBXFileReference section */
		F245F85E272860A600D39944 /* FordsSongApp.app */ = {isa = PBXFileReference; explicitFileType = wrapper.application; includeInIndex = 0; path = FordsSongApp.app; sourceTree = BUILT_PRODUCTS_DIR; };
		F245F861272860A600D39944 /* AppDelegate.swift */ = {isa = PBXFileReference; lastKnownFileType = sourcecode.swift; path = AppDelegate.swift; sourceTree = "<group>"; };
		F245F863272860A600D39944 /* SceneDelegate.swift */ = {isa = PBXFileReference; lastKnownFileType = sourcecode.swift; path = SceneDelegate.swift; sourceTree = "<group>"; };
		F245F865272860A600D39944 /* ViewController.swift */ = {isa = PBXFileReference; lastKnownFileType = sourcecode.swift; path = ViewController.swift; sourceTree = "<group>"; };
		F245F868272860A600D39944 /* Base */ = {isa = PBXFileReference; lastKnownFileType = file.storyboard; name = Base; path = Base.lproj/Main.storyboard; sourceTree = "<group>"; };
		F245F86B272860A600D39944 /* FordsSongApp.xcdatamodel */ = {isa = PBXFileReference; lastKnownFileType = wrapper.xcdatamodel; path = FordsSongApp.xcdatamodel; sourceTree = "<group>"; };
		F245F86D272860A900D39944 /* Assets.xcassets */ = {isa = PBXFileReference; lastKnownFileType = folder.assetcatalog; path = Assets.xcassets; sourceTree = "<group>"; };
		F245F870272860AA00D39944 /* Base */ = {isa = PBXFileReference; lastKnownFileType = file.storyboard; name = Base; path = Base.lproj/LaunchScreen.storyboard; sourceTree = "<group>"; };
		F245F872272860AA00D39944 /* Info.plist */ = {isa = PBXFileReference; lastKnownFileType = text.plist.xml; path = Info.plist; sourceTree = "<group>"; };
/* End PBXFileReference section */

/* Begin PBXFrameworksBuildPhase section */
		F245F85B272860A600D39944 /* Frameworks */ = {
			isa = PBXFrameworksBuildPhase;
			buildActionMask = 2147483647;
			files = (
			);
			runOnlyForDeploymentPostprocessing = 0;
		};
/* End PBXFrameworksBuildPhase section */

/* Begin PBXGroup section */
		F245F855272860A600D39944 = {
			isa = PBXGroup;
			children = (
				F245F860272860A600D39944 /* FordsSongApp */,
				F245F85F272860A600D39944 /* Products */,
			);
			sourceTree = "<group>";
		};
		F245F85F272860A600D39944 /* Products */ = {
			isa = PBXGroup;
			children = (
				F245F85E272860A600D39944 /* FordsSongApp.app */,
			);
			name = Products;
			sourceTree = "<group>";
		};
		F245F860272860A600D39944 /* FordsSongApp */ = {
			isa = PBXGroup;
			children = (
				F245F861272860A600D39944 /* AppDelegate.swift */,
				F245F863272860A600D39944 /* SceneDelegate.swift */,
				F245F865272860A600D39944 /* ViewController.swift */,
				F245F867272860A600D39944 /* Main.storyboard */,
				F245F86D272860A900D39944 /* Assets.xcassets */,
				F245F86F272860AA00D39944 /* LaunchScreen.storyboard */,
				F245F872272860AA00D39944 /* Info.plist */,
				F245F86A272860A600D39944 /* FordsSongApp.xcdatamodeld */,
			);
			path = FordsSongApp;
			sourceTree = "<group>";
		};
/* End PBXGroup section */

/* Begin PBXNativeTarget section */
		F245F85D272860A600D39944 /* FordsSongApp */ = {
			isa = PBXNativeTarget;
			buildConfigurationList = F245F875272860AA00D39944 /* Build configuration list for PBXNativeTarget "FordsSongApp" */;
			buildPhases = (
				F245F85A272860A600D39944 /* Sources */,
				F245F85B272860A600D39944 /* Frameworks */,
				F245F85C272860A600D39944 /* Resources */,
			);
			buildRules = (
			);
			dependencies = (
			);
			name = FordsSongApp;
			productName = FordsSongApp;
			productReference = F245F85E272860A600D39944 /* FordsSongApp.app */;
			productType = "com.apple.product-type.application";
		};
/* End PBXNativeTarget section */

/* Begin PBXProject section */
		F245F856272860A600D39944 /* Project object */ = {
			isa = PBXProject;
			attributes = {
				LastSwiftUpdateCheck = 1130;
				LastUpgradeCheck = 1130;
				ORGANIZATIONNAME = MDB;
				TargetAttributes = {
					F245F85D272860A600D39944 = {
						CreatedOnToolsVersion = 11.3.1;
					};
				};
			};
			buildConfigurationList = F245F859272860A600D39944 /* Build configuration list for PBXProject "FordsSongApp" */;
			compatibilityVersion = "Xcode 9.3";
			developmentRegion = en;
			hasScannedForEncodings = 0;
			knownRegions = (
				en,
				Base,
			);
			mainGroup = F245F855272860A600D39944;
			productRefGroup = F245F85F272860A600D39944 /* Products */;
			projectDirPath = "";
			projectRoot = "";
			targets = (
				F245F85D272860A600D39944 /* FordsSongApp */,
			);
		};
/* End PBXProject section */

/* Begin PBXResourcesBuildPhase section */
		F245F85C272860A600D39944 /* Resources */ = {
			isa = PBXResourcesBuildPhase;
			buildActionMask = 2147483647;
			files = (
				F245F871272860AA00D39944 /* LaunchScreen.storyboard in Resources */,
				F245F86E272860A900D39944 /* Assets.xcassets in Resources */,
				F245F869272860A600D39944 /* Main.storyboard in Resources */,
			);
			runOnlyForDeploymentPostprocessing = 0;
		};
/* End PBXResourcesBuildPhase section */

/* Begin PBXSourcesBuildPhase section */
		F245F85A272860A600D39944 /* Sources */ = {
			isa = PBXSourcesBuildPhase;
			buildActionMask = 2147483647;
			files = (
				F245F866272860A600D39944 /* ViewController.swift in Sources */,
				F245F862272860A600D39944 /* AppDelegate.swift in Sources */,
				F245F864272860A600D39944 /* SceneDelegate.swift in Sources */,
				F245F86C272860A600D39944 /* FordsSongApp.xcdatamodeld in Sources */,
			);
			runOnlyForDeploymentPostprocessing = 0;
		};
/* End PBXSourcesBuildPhase section */

/* Begin PBXVariantGroup section */
		F245F867272860A600D39944 /* Main.storyboard */ = {
			isa = PBXVariantGroup;
			children = (
				F245F868272860A600D39944 /* Base */,
			);
			name = Main.storyboard;
			sourceTree = "<group>";
		};
		F245F86F272860AA00D39944 /* LaunchScreen.storyboard */ = {
			isa = PBXVariantGroup;
			children = (
				F245F870272860AA00D39944 /* Base */,
			);
			name = LaunchScreen.storyboard;
			sourceTree = "<group>";
		};
/* End PBXVariantGroup section */

/* Begin XCBuildConfiguration section */
		F245F873272860AA00D39944 /* Debug */ = {
			isa = XCBuildConfiguration;
			buildSettings = {
				ALWAYS_SEARCH_USER_PATHS = NO;
				CLANG_ANALYZER_NONNULL = YES;
				CLANG_ANALYZER_NUMBER_OBJECT_CONVERSION = YES_AGGRESSIVE;
				CLANG_CXX_LANGUAGE_STANDARD = "gnu++14";
				CLANG_CXX_LIBRARY = "libc++";
				CLANG_ENABLE_MODULES = YES;
				CLANG_ENABLE_OBJC_ARC = YES;
				CLANG_ENABLE_OBJC_WEAK = YES;
				CLANG_WARN_BLOCK_CAPTURE_AUTORELEASING = YES;
				CLANG_WARN_BOOL_CONVERSION = YES;
				CLANG_WARN_COMMA = YES;
				CLANG_WARN_CONSTANT_CONVERSION = YES;
				CLANG_WARN_DEPRECATED_OBJC_IMPLEMENTATIONS = YES;
				CLANG_WARN_DIRECT_OBJC_ISA_USAGE = YES_ERROR;
				CLANG_WARN_DOCUMENTATION_COMMENTS = YES;
				CLANG_WARN_EMPTY_BODY = YES;
				CLANG_WARN_ENUM_CONVERSION = YES;
				CLANG_WARN_INFINITE_RECURSION = YES;
				CLANG_WARN_INT_CONVERSION = YES;
				CLANG_WARN_NON_LITERAL_NULL_CONVERSION = YES;
				CLANG_WARN_OBJC_IMPLICIT_RETAIN_SELF = YES;
				CLANG_WARN_OBJC_LITERAL_CONVERSION = YES;
				CLANG_WARN_OBJC_ROOT_CLASS = YES_ERROR;
				CLANG_WARN_RANGE_LOOP_ANALYSIS = YES;
				CLANG_WARN_STRICT_PROTOTYPES = YES;
				CLANG_WARN_SUSPICIOUS_MOVE = YES;
				CLANG_WARN_UNGUARDED_AVAILABILITY = YES_AGGRESSIVE;
				CLANG_WARN_UNREACHABLE_CODE = YES;
				CLANG_WARN__DUPLICATE_METHOD_MATCH = YES;
				COPY_PHASE_STRIP = NO;
				DEBUG_INFORMATION_FORMAT = dwarf;
				ENABLE_STRICT_OBJC_MSGSEND = YES;
				ENABLE_TESTABILITY = YES;
				GCC_C_LANGUAGE_STANDARD = gnu11;
				GCC_DYNAMIC_NO_PIC = NO;
				GCC_NO_COMMON_BLOCKS = YES;
				GCC_OPTIMIZATION_LEVEL = 0;
				GCC_PREPROCESSOR_DEFINITIONS = (
					"DEBUG=1",
					"$(inherited)",
				);
				GCC_WARN_64_TO_32_BIT_CONVERSION = YES;
				GCC_WARN_ABOUT_RETURN_TYPE = YES_ERROR;
				GCC_WARN_UNDECLARED_SELECTOR = YES;
				GCC_WARN_UNINITIALIZED_AUTOS = YES_AGGRESSIVE;
				GCC_WARN_UNUSED_FUNCTION = YES;
				GCC_WARN_UNUSED_VARIABLE = YES;
				IPHONEOS_DEPLOYMENT_TARGET = 13.2;
				MTL_ENABLE_DEBUG_INFO = INCLUDE_SOURCE;
				MTL_FAST_MATH = YES;
				ONLY_ACTIVE_ARCH = YES;
				SDKROOT = iphoneos;
				SWIFT_ACTIVE_COMPILATION_CONDITIONS = DEBUG;
				SWIFT_OPTIMIZATION_LEVEL = "-Onone";
			};
			name = Debug;
		};
		F245F874272860AA00D39944 /* Release */ = {
			isa = XCBuildConfiguration;
			buildSettings = {
				ALWAYS_SEARCH_USER_PATHS = NO;
				CLANG_ANALYZER_NONNULL = YES;
				CLANG_ANALYZER_NUMBER_OBJECT_CONVERSION = YES_AGGRESSIVE;
				CLANG_CXX_LANGUAGE_STANDARD = "gnu++14";
				CLANG_CXX_LIBRARY = "libc++";
				CLANG_ENABLE_MODULES = YES;
				CLANG_ENABLE_OBJC_ARC = YES;
				CLANG_ENABLE_OBJC_WEAK = YES;
				CLANG_WARN_BLOCK_CAPTURE_AUTORELEASING = YES;
				CLANG_WARN_BOOL_CONVERSION = YES;
				CLANG_WARN_COMMA = YES;
				CLANG_WARN_CONSTANT_CONVERSION = YES;
				CLANG_WARN_DEPRECATED_OBJC_IMPLEMENTATIONS = YES;
				CLANG_WARN_DIRECT_OBJC_ISA_USAGE = YES_ERROR;
				CLANG_WARN_DOCUMENTATION_COMMENTS = YES;
				CLANG_WARN_EMPTY_BODY = YES;
				CLANG_WARN_ENUM_CONVERSION = YES;
				CLANG_WARN_INFINITE_RECURSION = YES;
				CLANG_WARN_INT_CONVERSION = YES;
				CLANG_WARN_NON_LITERAL_NULL_CONVERSION = YES;
				CLANG_WARN_OBJC_IMPLICIT_RETAIN_SELF = YES;
				CLANG_WARN_OBJC_LITERAL_CONVERSION = YES;
				CLANG_WARN_OBJC_ROOT_CLASS = YES_ERROR;
				CLANG_WARN_RANGE_LOOP_ANALYSIS = YES;
				CLANG_WARN_STRICT_PROTOTYPES = YES;
				CLANG_WARN_SUSPICIOUS_MOVE = YES;
				CLANG_WARN_UNGUARDED_AVAILABILITY = YES_AGGRESSIVE;
				CLANG_WARN_UNREACHABLE_CODE = YES;
				CLANG_WARN__DUPLICATE_METHOD_MATCH = YES;
				COPY_PHASE_STRIP = NO;
				DEBUG_INFORMATION_FORMAT = "dwarf-with-dsym";
				ENABLE_NS_ASSERTIONS = NO;
				ENABLE_STRICT_OBJC_MSGSEND = YES;
				GCC_C_LANGUAGE_STANDARD = gnu11;
				GCC_NO_COMMON_BLOCKS = YES;
				GCC_WARN_64_TO_32_BIT_CONVERSION = YES;
				GCC_WARN_ABOUT_RETURN_TYPE = YES_ERROR;
				GCC_WARN_UNDECLARED_SELECTOR = YES;
				GCC_WARN_UNINITIALIZED_AUTOS = YES_AGGRESSIVE;
				GCC_WARN_UNUSED_FUNCTION = YES;
				GCC_WARN_UNUSED_VARIABLE = YES;
				IPHONEOS_DEPLOYMENT_TARGET = 13.2;
				MTL_ENABLE_DEBUG_INFO = NO;
				MTL_FAST_MATH = YES;
				SDKROOT = iphoneos;
				SWIFT_COMPILATION_MODE = wholemodule;
				SWIFT_OPTIMIZATION_LEVEL = "-O";
				VALIDATE_PRODUCT = YES;
			};
			name = Release;
		};
		F245F876272860AA00D39944 /* Debug */ = {
			isa = XCBuildConfiguration;
			buildSettings = {
				ASSETCATALOG_COMPILER_APPICON_NAME = AppIcon;
				CODE_SIGN_STYLE = Automatic;
				DEVELOPMENT_TEAM = LAKV6P23PC;
				INFOPLIST_FILE = FordsSongApp/Info.plist;
				LD_RUNPATH_SEARCH_PATHS = (
					"$(inherited)",
					"@executable_path/Frameworks",
				);
				PRODUCT_BUNDLE_IDENTIFIER = com.MDB.FordsSongApp;
				PRODUCT_NAME = "$(TARGET_NAME)";
				SWIFT_VERSION = 5.0;
				TARGETED_DEVICE_FAMILY = "1,2";
			};
			name = Debug;
		};
		F245F877272860AA00D39944 /* Release */ = {
			isa = XCBuildConfiguration;
			buildSettings = {
				ASSETCATALOG_COMPILER_APPICON_NAME = AppIcon;
				CODE_SIGN_STYLE = Automatic;
				DEVELOPMENT_TEAM = LAKV6P23PC;
				INFOPLIST_FILE = FordsSongApp/Info.plist;
				LD_RUNPATH_SEARCH_PATHS = (
					"$(inherited)",
					"@executable_path/Frameworks",
				);
				PRODUCT_BUNDLE_IDENTIFIER = com.MDB.FordsSongApp;
				PRODUCT_NAME = "$(TARGET_NAME)";
				SWIFT_VERSION = 5.0;
				TARGETED_DEVICE_FAMILY = "1,2";
			};
			name = Release;
		};
/* End XCBuildConfiguration section */

/* Begin XCConfigurationList section */
		F245F859272860A600D39944 /* Build configuration list for PBXProject "FordsSongApp" */ = {
			isa = XCConfigurationList;
			buildConfigurations = (
				F245F873272860AA00D39944 /* Debug */,
				F245F874272860AA00D39944 /* Release */,
			);
			defaultConfigurationIsVisible = 0;
			defaultConfigurationName = Release;
		};
		F245F875272860AA00D39944 /* Build configuration list for PBXNativeTarget "FordsSongApp" */ = {
			isa = XCConfigurationList;
			buildConfigurations = (
				F245F876272860AA00D39944 /* Debug */,
				F245F877272860AA00D39944 /* Release */,
			);
			defaultConfigurationIsVisible = 0;
			defaultConfigurationName = Release;
		};
/* End XCConfigurationList section */

/* Begin XCVersionGroup section */
		F245F86A272860A600D39944 /* FordsSongApp.xcdatamodeld */ = {
			isa = XCVersionGroup;
			children = (
				F245F86B272860A600D39944 /* FordsSongApp.xcdatamodel */,
			);
			currentVersion = F245F86B272860A600D39944 /* FordsSongApp.xcdatamodel */;
			path = FordsSongApp.xcdatamodeld;
			sourceTree = "<group>";
			versionGroupType = wrapper.xcdatamodel;
		};
/* End XCVersionGroup section */
	};
	rootObject = F245F856272860A600D39944 /* Project object */;
}
